
Microsoft Visual Studio Solution File, Format Version 12.00
# Visual Studio 2017
Project("{FAE04EC0-301F-11D3-BF4B-00C04F79EFBC}") = "Tactile WYSIWYG", "Tactile WYSIWYG.csproj", "{2CCCCD56-AA21-A04A-9DB0-E1A2ACD47E05}"
EndProject
Project("{FAE04EC0-301F-11D3-BF4B-00C04F79EFBC}") = "Tactile WYSIWYG.Editor", "Tactile WYSIWYG.Editor.csproj", "{A3C615AE-29AD-5B6D-2FF3-FE55FCBFEDE4}"
EndProject
Global
	GlobalSection(SolutionConfigurationPlatforms) = preSolution
		Debug|Any CPU = Debug|Any CPU
		Release|Any CPU = Release|Any CPU
	EndGlobalSection
	GlobalSection(ProjectConfigurationPlatforms) = postSolution
		{2CCCCD56-AA21-A04A-9DB0-E1A2ACD47E05}.Debug|Any CPU.ActiveCfg = Debug|Any CPU
		{2CCCCD56-AA21-A04A-9DB0-E1A2ACD47E05}.Debug|Any CPU.Build.0 = Debug|Any CPU
		{2CCCCD56-AA21-A04A-9DB0-E1A2ACD47E05}.Release|Any CPU.ActiveCfg = Release|Any CPU
		{2CCCCD56-AA21-A04A-9DB0-E1A2ACD47E05}.Release|Any CPU.Build.0 = Release|Any CPU
		{A3C615AE-29AD-5B6D-2FF3-FE55FCBFEDE4}.Debug|Any CPU.ActiveCfg = Debug|Any CPU
		{A3C615AE-29AD-5B6D-2FF3-FE55FCBFEDE4}.Debug|Any CPU.Build.0 = Debug|Any CPU
		{A3C615AE-29AD-5B6D-2FF3-FE55FCBFEDE4}.Release|Any CPU.ActiveCfg = Release|Any CPU
		{A3C615AE-29AD-5B6D-2FF3-FE55FCBFEDE4}.Release|Any CPU.Build.0 = Release|Any CPU
	EndGlobalSection
	GlobalSection(SolutionProperties) = preSolution
		HideSolutionNode = FALSE
	EndGlobalSection
EndGlobal
